PODS:
  - Alamofire (4.9.1)
  - Calendar-iOS (0.13)
  - CouchbaseLite (2.6.3)
  - FontAwesomeKit (2.2.1):
    - FontAwesomeKit/Core (= 2.2.1)
    - FontAwesomeKit/FontAwesome (= 2.2.1)
    - FontAwesomeKit/FoundationIcons (= 2.2.1)
    - FontAwesomeKit/IonIcons (= 2.2.1)
    - FontAwesomeKit/Material (= 2.2.1)
    - FontAwesomeKit/Octicons (= 2.2.1)
    - FontAwesomeKit/Zocial (= 2.2.1)
  - FontAwesomeKit/Core (2.2.1)
  - FontAwesomeKit/FontAwesome (2.2.1):
    - FontAwesomeKit/Core
  - FontAwesomeKit/FoundationIcons (2.2.1):
    - FontAwesomeKit/Core
  - FontAwesomeKit/IonIcons (2.2.1):
    - FontAwesomeKit/Core
  - FontAwesomeKit/Material (2.2.1):
    - FontAwesomeKit/Core
  - FontAwesomeKit/Octicons (2.2.1):
    - FontAwesomeKit/Core
  - FontAwesomeKit/Zocial (2.2.1):
    - FontAwesomeKit/Core
  - SVProgressHUD (2.2.5)
  - XLForm (3.0.2)

DEPENDENCIES:
  - Alamofire
  - Calendar-iOS
  - CouchbaseLite
  - FontAwesomeKit
  - SVProgressHUD
  - XLForm (= 3.0.2)

SPEC REPOS:
  trunk:
    - Alamofire
    - Calendar-iOS
    - CouchbaseLite
    - FontAwesomeKit
    - SVProgressHUD
    - XLForm

SPEC CHECKSUMS:
  Alamofire: 85e8a02c69d6020a0d734f6054870d7ecb75cf18
  Calendar-iOS: a7bb0e6d2cee372e7e3de98d44d60ac7364be7f3
  CouchbaseLite: 1ef850e6f80ad834e856298a53f0428af4b259ed
  FontAwesomeKit: 3614979b3dbb0ec3f7fac1bd760b91f66c31db67
  SVProgressHUD: 1428aafac632c1f86f62aa4243ec12008d7a51d6
  XLForm: 7817ce29f3f259186e837bb7309ac7e5b7e9b883

PODFILE CHECKSUM: 8c9bab5a9575e2e9f33dd7b2b227ef7d49aacdd8

COCOAPODS: 1.8.4
